{
  "requires": true,
  "lockfileVersion": 1,
  "dependencies": {
    "live-form-validation": {
      "version": "1.10.0",
      "resolved": "https://registry.npmjs.org/live-form-validation/-/live-form-validation-1.10.0.tgz",
      "integrity": "sha512-CnsAFSyLybnfOR71ZOIIrNBV/RORqMJkrAD/RyBsTjU7VM0odl8umkWTsK+vFP4gLelwY3WaiYPKU0l00F47KA=="
    }
  }
}
